// !$*UTF8*$!
{
	archiveVersion = 1;
	classes = {
	};
	objectVersion = 48;
	objects = {

/* Begin PBXBuildFile section */
		0C021B2B20A07389007726D3 /* Quran.sqlite in Resources */ = {isa = PBXBuildFile; fileRef = 0C021B2A20A07388007726D3 /* Quran.sqlite */; };
		0C021B2D20A07CBC007726D3 /* SearchViewController.swift in Sources */ = {isa = PBXBuildFile; fileRef = 0C021B2C20A07CBC007726D3 /* SearchViewController.swift */; };
		0C021B3120A08471007726D3 /* AyahTableViewCell.swift in Sources */ = {isa = PBXBuildFile; fileRef = 0C021B2F20A08471007726D3 /* AyahTableViewCell.swift */; };
		0C021B3220A08471007726D3 /* AyahTableViewCell.xib in Resources */ = {isa = PBXBuildFile; fileRef = 0C021B3020A08471007726D3 /* AyahTableViewCell.xib */; };
		0C113F5F207A2C4600ADD61D /* DownloadView.swift in Sources */ = {isa = PBXBuildFile; fileRef = 0C113F5E207A2C4600ADD61D /* DownloadView.swift */; };
		0C113F61207A2C4F00ADD61D /* DownloadView.xib in Resources */ = {isa = PBXBuildFile; fileRef = 0C113F60207A2C4F00ADD61D /* DownloadView.xib */; };
		0C113F65207A32B600ADD61D /* DownloadManager.swift in Sources */ = {isa = PBXBuildFile; fileRef = 0C113F64207A32B600ADD61D /* DownloadManager.swift */; };
		0C113F67207A35D800ADD61D /* Config.swift in Sources */ = {isa = PBXBuildFile; fileRef = 0C113F66207A35D800ADD61D /* Config.swift */; };
		0C113F73207A48D900ADD61D /* MZDownloadModel.swift in Sources */ = {isa = PBXBuildFile; fileRef = 0C113F70207A48D900ADD61D /* MZDownloadModel.swift */; };
		0C113F74207A48D900ADD61D /* MZDownloadManager.swift in Sources */ = {isa = PBXBuildFile; fileRef = 0C113F71207A48D900ADD61D /* MZDownloadManager.swift */; };
		0C113F75207A48D900ADD61D /* MZUtility.swift in Sources */ = {isa = PBXBuildFile; fileRef = 0C113F72207A48D900ADD61D /* MZUtility.swift */; };
		0C240087208383A500B4D891 /* AboutUsViewController.swift in Sources */ = {isa = PBXBuildFile; fileRef = 0C240086208383A500B4D891 /* AboutUsViewController.swift */; };
		0C248F45207E5EF500A52C2E /* QuranHeaderView.xib in Resources */ = {isa = PBXBuildFile; fileRef = 0C248F44207E5EF500A52C2E /* QuranHeaderView.xib */; };
		0C248F47207E609100A52C2E /* QuranHeaderView.swift in Sources */ = {isa = PBXBuildFile; fileRef = 0C248F46207E609100A52C2E /* QuranHeaderView.swift */; };
		0C60613B2066926F00B49227 /* QuranPageCollectionViewCell.swift in Sources */ = {isa = PBXBuildFile; fileRef = 0C6061392066926F00B49227 /* QuranPageCollectionViewCell.swift */; };
		0C60613C2066926F00B49227 /* QuranPageCollectionViewCell.xib in Resources */ = {isa = PBXBuildFile; fileRef = 0C60613A2066926F00B49227 /* QuranPageCollectionViewCell.xib */; };
		0C60613F2066991100B49227 /* UthmanTN1B Ver10.otf in Resources */ = {isa = PBXBuildFile; fileRef = 0C60613D2066991100B49227 /* UthmanTN1B Ver10.otf */; };
		0C6061402066991100B49227 /* UthmanTN1 Ver10.otf in Resources */ = {isa = PBXBuildFile; fileRef = 0C60613E2066991100B49227 /* UthmanTN1 Ver10.otf */; };
		0C60614220669B2C00B49227 /* Page.swift in Sources */ = {isa = PBXBuildFile; fileRef = 0C60614120669B2C00B49227 /* Page.swift */; };
		0C6FC9AE209F23DF00115916 /* me_quran.ttf in Resources */ = {isa = PBXBuildFile; fileRef = 0C6FC9AD209F23DF00115916 /* me_quran.ttf */; };
		0C6FC9B0209F47D000115916 /* SearchResult.swift in Sources */ = {isa = PBXBuildFile; fileRef = 0C6FC9AF209F47D000115916 /* SearchResult.swift */; };
		0C6FC9B2209F5A2500115916 /* quran-simple-clean.xml in Resources */ = {isa = PBXBuildFile; fileRef = 0C6FC9B1209F5A2500115916 /* quran-simple-clean.xml */; };
		0C81BB2E20738C96007C270D /* QuranManager.swift in Sources */ = {isa = PBXBuildFile; fileRef = 0C81BB2D20738C96007C270D /* QuranManager.swift */; };
		0C8C1BD52062875200C05337 /* SideMenuViewController.swift in Sources */ = {isa = PBXBuildFile; fileRef = 0C8C1BD42062875200C05337 /* SideMenuViewController.swift */; };
		0C8C1BD72062884D00C05337 /* HomeContainerViewController.swift in Sources */ = {isa = PBXBuildFile; fileRef = 0C8C1BD62062884D00C05337 /* HomeContainerViewController.swift */; };
		0C8C1BD92062896400C05337 /* MenuItem.swift in Sources */ = {isa = PBXBuildFile; fileRef = 0C8C1BD82062896400C05337 /* MenuItem.swift */; };
		0C8C1BDD206289E300C05337 /* SideMenuTableViewCell.swift in Sources */ = {isa = PBXBuildFile; fileRef = 0C8C1BDB206289E300C05337 /* SideMenuTableViewCell.swift */; };
		0C8C1BDE206289E300C05337 /* SideMenuTableViewCell.xib in Resources */ = {isa = PBXBuildFile; fileRef = 0C8C1BDC206289E300C05337 /* SideMenuTableViewCell.xib */; };
		0C8C1BE02062999100C05337 /* CommonMethods.swift in Sources */ = {isa = PBXBuildFile; fileRef = 0C8C1BDF2062999100C05337 /* CommonMethods.swift */; };
		0C8C1BE22062B72D00C05337 /* JuzViewController.swift in Sources */ = {isa = PBXBuildFile; fileRef = 0C8C1BE12062B72D00C05337 /* JuzViewController.swift */; };
		0C8C1BE42062B95600C05337 /* Juz.swift in Sources */ = {isa = PBXBuildFile; fileRef = 0C8C1BE32062B95600C05337 /* Juz.swift */; };
		0C8C1BE62062B9B800C05337 /* Ayah.swift in Sources */ = {isa = PBXBuildFile; fileRef = 0C8C1BE52062B9B800C05337 /* Ayah.swift */; };
		0C8C1BEA2062CB1E00C05337 /* JuzTableViewCell.swift in Sources */ = {isa = PBXBuildFile; fileRef = 0C8C1BE82062CB1E00C05337 /* JuzTableViewCell.swift */; };
		0C8C1BEB2062CB1E00C05337 /* JuzTableViewCell.xib in Resources */ = {isa = PBXBuildFile; fileRef = 0C8C1BE92062CB1E00C05337 /* JuzTableViewCell.xib */; };
		0CA42F6820611DB300DC1028 /* AppDelegate.swift in Sources */ = {isa = PBXBuildFile; fileRef = 0CA42F6720611DB300DC1028 /* AppDelegate.swift */; };
		0CA42F6D20611DB300DC1028 /* Main.storyboard in Resources */ = {isa = PBXBuildFile; fileRef = 0CA42F6B20611DB300DC1028 /* Main.storyboard */; };
		0CA42F6F20611DB300DC1028 /* Assets.xcassets in Resources */ = {isa = PBXBuildFile; fileRef = 0CA42F6E20611DB300DC1028 /* Assets.xcassets */; };
		0CA42F7220611DB300DC1028 /* LaunchScreen.storyboard in Resources */ = {isa = PBXBuildFile; fileRef = 0CA42F7020611DB300DC1028 /* LaunchScreen.storyboard */; };
		0CA42F8220612E8000DC1028 /* Diwani Bent.ttf in Resources */ = {isa = PBXBuildFile; fileRef = 0CA42F7F20612E7F00DC1028 /* Diwani Bent.ttf */; };
		0CA42F8320612E8000DC1028 /* thuluth-decorated.ttf in Resources */ = {isa = PBXBuildFile; fileRef = 0CA42F8020612E7F00DC1028 /* thuluth-decorated.ttf */; };
		0CA42F8420612E8000DC1028 /* Diwani Letter.ttf in Resources */ = {isa = PBXBuildFile; fileRef = 0CA42F8120612E8000DC1028 /* Diwani Letter.ttf */; };
		0CA42F892061615300DC1028 /* GE_SS_Text_Light.otf in Resources */ = {isa = PBXBuildFile; fileRef = 0CA42F882061615300DC1028 /* GE_SS_Text_Light.otf */; };
		0CA42F8B2061616100DC1028 /* GE_SS_Two_Bold.otf in Resources */ = {isa = PBXBuildFile; fileRef = 0CA42F8A2061616100DC1028 /* GE_SS_Two_Bold.otf */; };
		0CA42F8D206164F000DC1028 /* Quran.db in Resources */ = {isa = PBXBuildFile; fileRef = 0CA42F8C206164F000DC1028 /* Quran.db */; };
		0CA42F912061680800DC1028 /* SurahTableViewCell.swift in Sources */ = {isa = PBXBuildFile; fileRef = 0CA42F8F2061680800DC1028 /* SurahTableViewCell.swift */; };
		0CA42F922061680800DC1028 /* SurahTableViewCell.xib in Resources */ = {isa = PBXBuildFile; fileRef = 0CA42F902061680800DC1028 /* SurahTableViewCell.xib */; };
		0CA42F9420616AC000DC1028 /* Sura.swift in Sources */ = {isa = PBXBuildFile; fileRef = 0CA42F9320616AC000DC1028 /* Sura.swift */; };
		0CA42F9620616B5700DC1028 /* DBHelper.swift in Sources */ = {isa = PBXBuildFile; fileRef = 0CA42F9520616B5700DC1028 /* DBHelper.swift */; };
		0CA42F98206174FD00DC1028 /* AllSurahViewController.swift in Sources */ = {isa = PBXBuildFile; fileRef = 0CA42F97206174FD00DC1028 /* AllSurahViewController.swift */; };
		0CEFEDC0206FB66F00F106A0 /* UthmanicHafs1 Ver09 2.otf in Resources */ = {isa = PBXBuildFile; fileRef = 0CEFEDBF206FB66F00F106A0 /* UthmanicHafs1 Ver09 2.otf */; };
		0CEFEDC3206FCC8B00F106A0 /* AyahOptionsView.swift in Sources */ = {isa = PBXBuildFile; fileRef = 0CEFEDC2206FCC8B00F106A0 /* AyahOptionsView.swift */; };
		0CEFEDC5206FCC9700F106A0 /* AyahOptionsView.xib in Resources */ = {isa = PBXBuildFile; fileRef = 0CEFEDC4206FCC9700F106A0 /* AyahOptionsView.xib */; };
		0CFC91BC20825DBB00B811FE /* PageOptionsView.swift in Sources */ = {isa = PBXBuildFile; fileRef = 0CFC91BB20825DBB00B811FE /* PageOptionsView.swift */; };
		0CFC91BE20825DDA00B811FE /* PageOptionsView.xib in Resources */ = {isa = PBXBuildFile; fileRef = 0CFC91BD20825DDA00B811FE /* PageOptionsView.xib */; };
		88AAE72BD4D026ECEBBDC942 /* Pods_Quran.framework in Frameworks */ = {isa = PBXBuildFile; fileRef = 5F7C7016F5583E133AD5119F /* Pods_Quran.framework */; };
		AA0B8CCC20B5FA8C0035DB9F /* AyahInfo.swift in Sources */ = {isa = PBXBuildFile; fileRef = AA0B8CCB20B5FA8C0035DB9F /* AyahInfo.swift */; };
		AA0B8CCE20B5FF810035DB9F /* QuranManager+UIImageView.swift in Sources */ = {isa = PBXBuildFile; fileRef = AA0B8CCD20B5FF810035DB9F /* QuranManager+UIImageView.swift */; };
		AA0B8CD120B6032B0035DB9F /* HighlightView.swift in Sources */ = {isa = PBXBuildFile; fileRef = AA0B8CD020B6032B0035DB9F /* HighlightView.swift */; };
		AA10E7182079665C00702EF1 /* AudioMode.swift in Sources */ = {isa = PBXBuildFile; fileRef = AA10E7172079665C00702EF1 /* AudioMode.swift */; };
		AA10E71A2079674000702EF1 /* AyahAudios.swift in Sources */ = {isa = PBXBuildFile; fileRef = AA10E7192079674000702EF1 /* AyahAudios.swift */; };
		AA21D4562064559B00507932 /* Backups.swift in Sources */ = {isa = PBXBuildFile; fileRef = AA21D4552064559B00507932 /* Backups.swift */; };
		AA3FE284206403C700D69740 /* QuranViewController.swift in Sources */ = {isa = PBXBuildFile; fileRef = AA3FE283206403C700D69740 /* QuranViewController.swift */; };
		AAB86FAE20B2EAC700F4F080 /* ayahinfo_1280.db in Resources */ = {isa = PBXBuildFile; fileRef = AAB86FAD20B2EAC700F4F080 /* ayahinfo_1280.db */; };
		AAB86FB020B35FB800F4F080 /* Glyph.swift in Sources */ = {isa = PBXBuildFile; fileRef = AAB86FAF20B35FB800F4F080 /* Glyph.swift */; };
		AAB86FB220B3703900F4F080 /* NewQuranViewController.swift in Sources */ = {isa = PBXBuildFile; fileRef = AAB86FB120B3703900F4F080 /* NewQuranViewController.swift */; };
		AAC2C59B207D539600D0121A /* QuranManager+AVAudioPlayer.swift in Sources */ = {isa = PBXBuildFile; fileRef = AAC2C59A207D539600D0121A /* QuranManager+AVAudioPlayer.swift */; };
		AACA765E2072731C003AE1B7 /* BookmarksViewController.swift in Sources */ = {isa = PBXBuildFile; fileRef = AACA765D2072731C003AE1B7 /* BookmarksViewController.swift */; };
		AACA766220727997003AE1B7 /* BookMarkTableViewCell.swift in Sources */ = {isa = PBXBuildFile; fileRef = AACA766020727997003AE1B7 /* BookMarkTableViewCell.swift */; };
		AACA766320727997003AE1B7 /* BookMarkTableViewCell.xib in Resources */ = {isa = PBXBuildFile; fileRef = AACA766120727997003AE1B7 /* BookMarkTableViewCell.xib */; };
		AACA766520728065003AE1B7 /* Bookmark.swift in Sources */ = {isa = PBXBuildFile; fileRef = AACA766420728065003AE1B7 /* Bookmark.swift */; };
		AAE9766920B18CC400763D77 /* QCF_BSML.TTF in Resources */ = {isa = PBXBuildFile; fileRef = AAE9766720B18CC400763D77 /* QCF_BSML.TTF */; };
		AAE9766A20B18CC400763D77 /* QCF_P001.TTF in Resources */ = {isa = PBXBuildFile; fileRef = AAE9766820B18CC400763D77 /* QCF_P001.TTF */; };
/* End PBXBuildFile section */

/* Begin PBXFileReference section */
		0C021B2A20A07388007726D3 /* Quran.sqlite */ = {isa = PBXFileReference; lastKnownFileType = file; path = Quran.sqlite; sourceTree = "<group>"; };
		0C021B2C20A07CBC007726D3 /* SearchViewController.swift */ = {isa = PBXFileReference; lastKnownFileType = sourcecode.swift; path = SearchViewController.swift; sourceTree = "<group>"; };
		0C021B2F20A08471007726D3 /* AyahTableViewCell.swift */ = {isa = PBXFileReference; lastKnownFileType = sourcecode.swift; path = AyahTableViewCell.swift; sourceTree = "<group>"; };
		0C021B3020A08471007726D3 /* AyahTableViewCell.xib */ = {isa = PBXFileReference; lastKnownFileType = file.xib; path = AyahTableViewCell.xib; sourceTree = "<group>"; };
		0C113F5E207A2C4600ADD61D /* DownloadView.swift */ = {isa = PBXFileReference; lastKnownFileType = sourcecode.swift; path = DownloadView.swift; sourceTree = "<group>"; };
		0C113F60207A2C4F00ADD61D /* DownloadView.xib */ = {isa = PBXFileReference; lastKnownFileType = file.xib; path = DownloadView.xib; sourceTree = "<group>"; };
		0C113F64207A32B600ADD61D /* DownloadManager.swift */ = {isa = PBXFileReference; lastKnownFileType = sourcecode.swift; path = DownloadManager.swift; sourceTree = "<group>"; };
		0C113F66207A35D800ADD61D /* Config.swift */ = {isa = PBXFileReference; lastKnownFileType = sourcecode.swift; path = Config.swift; sourceTree = "<group>"; };
		0C113F70207A48D900ADD61D /* MZDownloadModel.swift */ = {isa = PBXFileReference; fileEncoding = 4; lastKnownFileType = sourcecode.swift; path = MZDownloadModel.swift; sourceTree = "<group>"; };
		0C113F71207A48D900ADD61D /* MZDownloadManager.swift */ = {isa = PBXFileReference; fileEncoding = 4; lastKnownFileType = sourcecode.swift; path = MZDownloadManager.swift; sourceTree = "<group>"; };
		0C113F72207A48D900ADD61D /* MZUtility.swift */ = {isa = PBXFileReference; fileEncoding = 4; lastKnownFileType = sourcecode.swift; path = MZUtility.swift; sourceTree = "<group>"; };
		0C240086208383A500B4D891 /* AboutUsViewController.swift */ = {isa = PBXFileReference; lastKnownFileType = sourcecode.swift; path = AboutUsViewController.swift; sourceTree = "<group>"; };
		0C248F44207E5EF500A52C2E /* QuranHeaderView.xib */ = {isa = PBXFileReference; lastKnownFileType = file.xib; path = QuranHeaderView.xib; sourceTree = "<group>"; };
		0C248F46207E609100A52C2E /* QuranHeaderView.swift */ = {isa = PBXFileReference; lastKnownFileType = sourcecode.swift; path = QuranHeaderView.swift; sourceTree = "<group>"; };
		0C6061392066926F00B49227 /* QuranPageCollectionViewCell.swift */ = {isa = PBXFileReference; lastKnownFileType = sourcecode.swift; path = QuranPageCollectionViewCell.swift; sourceTree = "<group>"; };
		0C60613A2066926F00B49227 /* QuranPageCollectionViewCell.xib */ = {isa = PBXFileReference; lastKnownFileType = file.xib; path = QuranPageCollectionViewCell.xib; sourceTree = "<group>"; };
		0C60613D2066991100B49227 /* UthmanTN1B Ver10.otf */ = {isa = PBXFileReference; lastKnownFileType = file; path = "UthmanTN1B Ver10.otf"; sourceTree = "<group>"; };
		0C60613E2066991100B49227 /* UthmanTN1 Ver10.otf */ = {isa = PBXFileReference; lastKnownFileType = file; path = "UthmanTN1 Ver10.otf"; sourceTree = "<group>"; };
		0C60614120669B2C00B49227 /* Page.swift */ = {isa = PBXFileReference; lastKnownFileType = sourcecode.swift; path = Page.swift; sourceTree = "<group>"; };
		0C6FC9AD209F23DF00115916 /* me_quran.ttf */ = {isa = PBXFileReference; lastKnownFileType = file; path = me_quran.ttf; sourceTree = "<group>"; };
		0C6FC9AF209F47D000115916 /* SearchResult.swift */ = {isa = PBXFileReference; lastKnownFileType = sourcecode.swift; path = SearchResult.swift; sourceTree = "<group>"; };
		0C6FC9B1209F5A2500115916 /* quran-simple-clean.xml */ = {isa = PBXFileReference; fileEncoding = 4; lastKnownFileType = text.xml; path = "quran-simple-clean.xml"; sourceTree = "<group>"; };
		0C81BB2D20738C96007C270D /* QuranManager.swift */ = {isa = PBXFileReference; lastKnownFileType = sourcecode.swift; path = QuranManager.swift; sourceTree = "<group>"; };
		0C8C1BD42062875200C05337 /* SideMenuViewController.swift */ = {isa = PBXFileReference; lastKnownFileType = sourcecode.swift; path = SideMenuViewController.swift; sourceTree = "<group>"; };
		0C8C1BD62062884D00C05337 /* HomeContainerViewController.swift */ = {isa = PBXFileReference; lastKnownFileType = sourcecode.swift; path = HomeContainerViewController.swift; sourceTree = "<group>"; };
		0C8C1BD82062896400C05337 /* MenuItem.swift */ = {isa = PBXFileReference; lastKnownFileType = sourcecode.swift; path = MenuItem.swift; sourceTree = "<group>"; };
		0C8C1BDB206289E300C05337 /* SideMenuTableViewCell.swift */ = {isa = PBXFileReference; lastKnownFileType = sourcecode.swift; path = SideMenuTableViewCell.swift; sourceTree = "<group>"; };
		0C8C1BDC206289E300C05337 /* SideMenuTableViewCell.xib */ = {isa = PBXFileReference; lastKnownFileType = file.xib; path = SideMenuTableViewCell.xib; sourceTree = "<group>"; };
		0C8C1BDF2062999100C05337 /* CommonMethods.swift */ = {isa = PBXFileReference; lastKnownFileType = sourcecode.swift; path = CommonMethods.swift; sourceTree = "<group>"; };
		0C8C1BE12062B72D00C05337 /* JuzViewController.swift */ = {isa = PBXFileReference; lastKnownFileType = sourcecode.swift; path = JuzViewController.swift; sourceTree = "<group>"; };
		0C8C1BE32062B95600C05337 /* Juz.swift */ = {isa = PBXFileReference; lastKnownFileType = sourcecode.swift; path = Juz.swift; sourceTree = "<group>"; };
		0C8C1BE52062B9B800C05337 /* Ayah.swift */ = {isa = PBXFileReference; lastKnownFileType = sourcecode.swift; path = Ayah.swift; sourceTree = "<group>"; };
		0C8C1BE82062CB1E00C05337 /* JuzTableViewCell.swift */ = {isa = PBXFileReference; lastKnownFileType = sourcecode.swift; path = JuzTableViewCell.swift; sourceTree = "<group>"; };
		0C8C1BE92062CB1E00C05337 /* JuzTableViewCell.xib */ = {isa = PBXFileReference; lastKnownFileType = file.xib; path = JuzTableViewCell.xib; sourceTree = "<group>"; };
		0CA42F6420611DB300DC1028 /* Quran.app */ = {isa = PBXFileReference; explicitFileType = wrapper.application; includeInIndex = 0; path = Quran.app; sourceTree = BUILT_PRODUCTS_DIR; };
		0CA42F6720611DB300DC1028 /* AppDelegate.swift */ = {isa = PBXFileReference; lastKnownFileType = sourcecode.swift; path = AppDelegate.swift; sourceTree = "<group>"; };
		0CA42F6C20611DB300DC1028 /* Base */ = {isa = PBXFileReference; lastKnownFileType = file.storyboard; name = Base; path = Base.lproj/Main.storyboard; sourceTree = "<group>"; };
		0CA42F6E20611DB300DC1028 /* Assets.xcassets */ = {isa = PBXFileReference; lastKnownFileType = folder.assetcatalog; path = Assets.xcassets; sourceTree = "<group>"; };
		0CA42F7120611DB300DC1028 /* Base */ = {isa = PBXFileReference; lastKnownFileType = file.storyboard; name = Base; path = Base.lproj/LaunchScreen.storyboard; sourceTree = "<group>"; };
		0CA42F7320611DB300DC1028 /* Info.plist */ = {isa = PBXFileReference; lastKnownFileType = text.plist.xml; path = Info.plist; sourceTree = "<group>"; };
		0CA42F7F20612E7F00DC1028 /* Diwani Bent.ttf */ = {isa = PBXFileReference; lastKnownFileType = file; path = "Diwani Bent.ttf"; sourceTree = "<group>"; };
		0CA42F8020612E7F00DC1028 /* thuluth-decorated.ttf */ = {isa = PBXFileReference; lastKnownFileType = file; path = "thuluth-decorated.ttf"; sourceTree = "<group>"; };
		0CA42F8120612E8000DC1028 /* Diwani Letter.ttf */ = {isa = PBXFileReference; lastKnownFileType = file; path = "Diwani Letter.ttf"; sourceTree = "<group>"; };
		0CA42F882061615300DC1028 /* GE_SS_Text_Light.otf */ = {isa = PBXFileReference; lastKnownFileType = file; path = GE_SS_Text_Light.otf; sourceTree = "<group>"; };
		0CA42F8A2061616100DC1028 /* GE_SS_Two_Bold.otf */ = {isa = PBXFileReference; lastKnownFileType = file; path = GE_SS_Two_Bold.otf; sourceTree = "<group>"; };
		0CA42F8C206164F000DC1028 /* Quran.db */ = {isa = PBXFileReference; lastKnownFileType = file; path = Quran.db; sourceTree = "<group>"; };
		0CA42F8F2061680800DC1028 /* SurahTableViewCell.swift */ = {isa = PBXFileReference; lastKnownFileType = sourcecode.swift; path = SurahTableViewCell.swift; sourceTree = "<group>"; };
		0CA42F902061680800DC1028 /* SurahTableViewCell.xib */ = {isa = PBXFileReference; lastKnownFileType = file.xib; path = SurahTableViewCell.xib; sourceTree = "<group>"; };
		0CA42F9320616AC000DC1028 /* Sura.swift */ = {isa = PBXFileReference; lastKnownFileType = sourcecode.swift; path = Sura.swift; sourceTree = "<group>"; };
		0CA42F9520616B5700DC1028 /* DBHelper.swift */ = {isa = PBXFileReference; lastKnownFileType = sourcecode.swift; path = DBHelper.swift; sourceTree = "<group>"; };
		0CA42F97206174FD00DC1028 /* AllSurahViewController.swift */ = {isa = PBXFileReference; lastKnownFileType = sourcecode.swift; path = AllSurahViewController.swift; sourceTree = "<group>"; };
		0CEFEDBF206FB66F00F106A0 /* UthmanicHafs1 Ver09 2.otf */ = {isa = PBXFileReference; lastKnownFileType = file; path = "UthmanicHafs1 Ver09 2.otf"; sourceTree = "<group>"; };
		0CEFEDC2206FCC8B00F106A0 /* AyahOptionsView.swift */ = {isa = PBXFileReference; lastKnownFileType = sourcecode.swift; path = AyahOptionsView.swift; sourceTree = "<group>"; };
		0CEFEDC4206FCC9700F106A0 /* AyahOptionsView.xib */ = {isa = PBXFileReference; lastKnownFileType = file.xib; path = AyahOptionsView.xib; sourceTree = "<group>"; };
		0CFC91BB20825DBB00B811FE /* PageOptionsView.swift */ = {isa = PBXFileReference; lastKnownFileType = sourcecode.swift; path = PageOptionsView.swift; sourceTree = "<group>"; };
		0CFC91BD20825DDA00B811FE /* PageOptionsView.xib */ = {isa = PBXFileReference; lastKnownFileType = file.xib; path = PageOptionsView.xib; sourceTree = "<group>"; };
		11FB00225C396FB7B2753D01 /* Pods-Quran.debug.xcconfig */ = {isa = PBXFileReference; includeInIndex = 1; lastKnownFileType = text.xcconfig; name = "Pods-Quran.debug.xcconfig"; path = "Pods/Target Support Files/Pods-Quran/Pods-Quran.debug.xcconfig"; sourceTree = "<group>"; };
		22CFFA700893E26FC303D116 /* Pods-Quran.release.xcconfig */ = {isa = PBXFileReference; includeInIndex = 1; lastKnownFileType = text.xcconfig; name = "Pods-Quran.release.xcconfig"; path = "Pods/Target Support Files/Pods-Quran/Pods-Quran.release.xcconfig"; sourceTree = "<group>"; };
		5F7C7016F5583E133AD5119F /* Pods_Quran.framework */ = {isa = PBXFileReference; explicitFileType = wrapper.framework; includeInIndex = 0; path = Pods_Quran.framework; sourceTree = BUILT_PRODUCTS_DIR; };
		AA0B8CCB20B5FA8C0035DB9F /* AyahInfo.swift */ = {isa = PBXFileReference; lastKnownFileType = sourcecode.swift; path = AyahInfo.swift; sourceTree = "<group>"; };
		AA0B8CCD20B5FF810035DB9F /* QuranManager+UIImageView.swift */ = {isa = PBXFileReference; lastKnownFileType = sourcecode.swift; path = "QuranManager+UIImageView.swift"; sourceTree = "<group>"; };
		AA0B8CD020B6032B0035DB9F /* HighlightView.swift */ = {isa = PBXFileReference; lastKnownFileType = sourcecode.swift; path = HighlightView.swift; sourceTree = "<group>"; };
		AA10E7172079665C00702EF1 /* AudioMode.swift */ = {isa = PBXFileReference; lastKnownFileType = sourcecode.swift; path = AudioMode.swift; sourceTree = "<group>"; };
		AA10E7192079674000702EF1 /* AyahAudios.swift */ = {isa = PBXFileReference; lastKnownFileType = sourcecode.swift; path = AyahAudios.swift; sourceTree = "<group>"; };
		AA21D4552064559B00507932 /* Backups.swift */ = {isa = PBXFileReference; lastKnownFileType = sourcecode.swift; path = Backups.swift; sourceTree = "<group>"; };
		AA3FE283206403C700D69740 /* QuranViewController.swift */ = {isa = PBXFileReference; lastKnownFileType = sourcecode.swift; path = QuranViewController.swift; sourceTree = "<group>"; };
		AAB86FAD20B2EAC700F4F080 /* ayahinfo_1280.db */ = {isa = PBXFileReference; lastKnownFileType = file; path = ayahinfo_1280.db; sourceTree = "<group>"; };
		AAB86FAF20B35FB800F4F080 /* Glyph.swift */ = {isa = PBXFileReference; lastKnownFileType = sourcecode.swift; path = Glyph.swift; sourceTree = "<group>"; };
		AAB86FB120B3703900F4F080 /* NewQuranViewController.swift */ = {isa = PBXFileReference; lastKnownFileType = sourcecode.swift; path = NewQuranViewController.swift; sourceTree = "<group>"; };
		AAC2C59A207D539600D0121A /* QuranManager+AVAudioPlayer.swift */ = {isa = PBXFileReference; lastKnownFileType = sourcecode.swift; path = "QuranManager+AVAudioPlayer.swift"; sourceTree = "<group>"; };
		AACA765D2072731C003AE1B7 /* BookmarksViewController.swift */ = {isa = PBXFileReference; lastKnownFileType = sourcecode.swift; path = BookmarksViewController.swift; sourceTree = "<group>"; };
		AACA766020727997003AE1B7 /* BookMarkTableViewCell.swift */ = {isa = PBXFileReference; lastKnownFileType = sourcecode.swift; path = BookMarkTableViewCell.swift; sourceTree = "<group>"; };
		AACA766120727997003AE1B7 /* BookMarkTableViewCell.xib */ = {isa = PBXFileReference; lastKnownFileType = file.xib; path = BookMarkTableViewCell.xib; sourceTree = "<group>"; };
		AACA766420728065003AE1B7 /* Bookmark.swift */ = {isa = PBXFileReference; lastKnownFileType = sourcecode.swift; path = Bookmark.swift; sourceTree = "<group>"; };
		AAE9766720B18CC400763D77 /* QCF_BSML.TTF */ = {isa = PBXFileReference; lastKnownFileType = file; path = QCF_BSML.TTF; sourceTree = "<group>"; };
		AAE9766820B18CC400763D77 /* QCF_P001.TTF */ = {isa = PBXFileReference; lastKnownFileType = file; path = QCF_P001.TTF; sourceTree = "<group>"; };
/* End PBXFileReference section */

/* Begin PBXFrameworksBuildPhase section */
		0CA42F6120611DB300DC1028 /* Frameworks */ = {
			isa = PBXFrameworksBuildPhase;
			buildActionMask = 2147483647;
			files = (
				88AAE72BD4D026ECEBBDC942 /* Pods_Quran.framework in Frameworks */,
			);
			runOnlyForDeploymentPostprocessing = 0;
		};
/* End PBXFrameworksBuildPhase section */

/* Begin PBXGroup section */
		0C021B2E20A0844A007726D3 /* AyahCell */ = {
			isa = PBXGroup;
			children = (
				0C021B2F20A08471007726D3 /* AyahTableViewCell.swift */,
				0C021B3020A08471007726D3 /* AyahTableViewCell.xib */,
			);
			path = AyahCell;
			sourceTree = "<group>";
		};
		0C113F5D207A2C1600ADD61D /* DownloadView */ = {
			isa = PBXGroup;
			children = (
				0C113F5E207A2C4600ADD61D /* DownloadView.swift */,
				0C113F60207A2C4F00ADD61D /* DownloadView.xib */,
			);
			path = DownloadView;
			sourceTree = "<group>";
		};
		0C113F63207A328D00ADD61D /* DownloadManager */ = {
			isa = PBXGroup;
			children = (
				0C113F6F207A488A00ADD61D /* MZDownloadManager */,
				0C113F64207A32B600ADD61D /* DownloadManager.swift */,
			);
			path = DownloadManager;
			sourceTree = "<group>";
		};
		0C113F6F207A488A00ADD61D /* MZDownloadManager */ = {
			isa = PBXGroup;
			children = (
				0C113F71207A48D900ADD61D /* MZDownloadManager.swift */,
				0C113F70207A48D900ADD61D /* MZDownloadModel.swift */,
				0C113F72207A48D900ADD61D /* MZUtility.swift */,
			);
			path = MZDownloadManager;
			sourceTree = "<group>";
		};
		0C248F43207E5ED600A52C2E /* QuranHeader */ = {
			isa = PBXGroup;
			children = (
				0C248F44207E5EF500A52C2E /* QuranHeaderView.xib */,
				0C248F46207E609100A52C2E /* QuranHeaderView.swift */,
			);
			path = QuranHeader;
			sourceTree = "<group>";
		};
		0C6061382066924000B49227 /* QuranPageCell */ = {
			isa = PBXGroup;
			children = (
				0C6061392066926F00B49227 /* QuranPageCollectionViewCell.swift */,
				0C60613A2066926F00B49227 /* QuranPageCollectionViewCell.xib */,
			);
			path = QuranPageCell;
			sourceTree = "<group>";
		};
		0C81BB3120739B0F007C270D /* QuranManager */ = {
			isa = PBXGroup;
			children = (
				0C81BB2D20738C96007C270D /* QuranManager.swift */,
				AA0B8CCD20B5FF810035DB9F /* QuranManager+UIImageView.swift */,
				AAC2C59A207D539600D0121A /* QuranManager+AVAudioPlayer.swift */,
			);
			path = QuranManager;
			sourceTree = "<group>";
		};
		0C8C1BDA206289B800C05337 /* SideMenuCell */ = {
			isa = PBXGroup;
			children = (
				0C8C1BDB206289E300C05337 /* SideMenuTableViewCell.swift */,
				0C8C1BDC206289E300C05337 /* SideMenuTableViewCell.xib */,
			);
			path = SideMenuCell;
			sourceTree = "<group>";
		};
		0C8C1BE72062CB0400C05337 /* JuzCell */ = {
			isa = PBXGroup;
			children = (
				0C8C1BE82062CB1E00C05337 /* JuzTableViewCell.swift */,
				0C8C1BE92062CB1E00C05337 /* JuzTableViewCell.xib */,
			);
			path = JuzCell;
			sourceTree = "<group>";
		};
		0CA42F5B20611DB200DC1028 = {
			isa = PBXGroup;
			children = (
				0CA42F6620611DB300DC1028 /* Quran */,
				0CA42F6520611DB300DC1028 /* Products */,
				EC245ECFDD4E4495FF6A213B /* Pods */,
				C31FA6828DC77D1DA13D1D8D /* Frameworks */,
			);
			sourceTree = "<group>";
		};
		0CA42F6520611DB300DC1028 /* Products */ = {
			isa = PBXGroup;
			children = (
				0CA42F6420611DB300DC1028 /* Quran.app */,
			);
			name = Products;
			sourceTree = "<group>";
		};
		0CA42F6620611DB300DC1028 /* Quran */ = {
			isa = PBXGroup;
			children = (
				0CA42F7D20611DE500DC1028 /* Resources */,
				0CA42F7C20611DDF00DC1028 /* Helpers */,
				0CA42F7B20611DD600DC1028 /* Controllers */,
				0CA42F7A20611DD100DC1028 /* Views */,
				0CA42F7920611DC800DC1028 /* Models */,
				0CA42F6720611DB300DC1028 /* AppDelegate.swift */,
				0CA42F6B20611DB300DC1028 /* Main.storyboard */,
				0CA42F7020611DB300DC1028 /* LaunchScreen.storyboard */,
			);
			path = Quran;
			sourceTree = "<group>";
		};
		0CA42F7920611DC800DC1028 /* Models */ = {
			isa = PBXGroup;
			children = (
				0CA42F9320616AC000DC1028 /* Sura.swift */,
				0C8C1BD82062896400C05337 /* MenuItem.swift */,
				0C8C1BE32062B95600C05337 /* Juz.swift */,
				0C8C1BE52062B9B800C05337 /* Ayah.swift */,
				AA10E7192079674000702EF1 /* AyahAudios.swift */,
				0C60614120669B2C00B49227 /* Page.swift */,
				AACA766420728065003AE1B7 /* Bookmark.swift */,
				AA10E7172079665C00702EF1 /* AudioMode.swift */,
				0C6FC9AF209F47D000115916 /* SearchResult.swift */,
				AAB86FAF20B35FB800F4F080 /* Glyph.swift */,
				AA0B8CCB20B5FA8C0035DB9F /* AyahInfo.swift */,
			);
			path = Models;
			sourceTree = "<group>";
		};
		0CA42F7A20611DD100DC1028 /* Views */ = {
			isa = PBXGroup;
			children = (
				AA0B8CCF20B602A20035DB9F /* HighlightView */,
				0C021B2E20A0844A007726D3 /* AyahCell */,
				0CFC91BA20825D5000B811FE /* PageOptions */,
				0C248F43207E5ED600A52C2E /* QuranHeader */,
				0C113F5D207A2C1600ADD61D /* DownloadView */,
				AACA765F207273DE003AE1B7 /* BookMarkCell */,
				0CEFEDC1206FCC6400F106A0 /* AyahOptionsView */,
				0C6061382066924000B49227 /* QuranPageCell */,
				0C8C1BE72062CB0400C05337 /* JuzCell */,
				0C8C1BDA206289B800C05337 /* SideMenuCell */,
				0CA42F8E206167EA00DC1028 /* SurahCell */,
			);
			path = Views;
			sourceTree = "<group>";
		};
		0CA42F7B20611DD600DC1028 /* Controllers */ = {
			isa = PBXGroup;
			children = (
				0CA42F97206174FD00DC1028 /* AllSurahViewController.swift */,
				0C8C1BD42062875200C05337 /* SideMenuViewController.swift */,
				0C8C1BD62062884D00C05337 /* HomeContainerViewController.swift */,
				0C8C1BE12062B72D00C05337 /* JuzViewController.swift */,
				AA3FE283206403C700D69740 /* QuranViewController.swift */,
				AA21D4552064559B00507932 /* Backups.swift */,
				AACA765D2072731C003AE1B7 /* BookmarksViewController.swift */,
				0C240086208383A500B4D891 /* AboutUsViewController.swift */,
				0C021B2C20A07CBC007726D3 /* SearchViewController.swift */,
				AAB86FB120B3703900F4F080 /* NewQuranViewController.swift */,
			);
			path = Controllers;
			sourceTree = "<group>";
		};
		0CA42F7C20611DDF00DC1028 /* Helpers */ = {
			isa = PBXGroup;
			children = (
				0C113F66207A35D800ADD61D /* Config.swift */,
				0CA42F9520616B5700DC1028 /* DBHelper.swift */,
				0C8C1BDF2062999100C05337 /* CommonMethods.swift */,
				0C81BB3120739B0F007C270D /* QuranManager */,
				0C113F63207A328D00ADD61D /* DownloadManager */,
			);
			path = Helpers;
			sourceTree = "<group>";
		};
		0CA42F7D20611DE500DC1028 /* Resources */ = {
			isa = PBXGroup;
			children = (
				0CA42F8520612E9700DC1028 /* Databases */,
				0CA42F7E20612D4600DC1028 /* Fonts */,
				0CA42F6E20611DB300DC1028 /* Assets.xcassets */,
				0CA42F7320611DB300DC1028 /* Info.plist */,
			);
			path = Resources;
			sourceTree = "<group>";
		};
		0CA42F7E20612D4600DC1028 /* Fonts */ = {
			isa = PBXGroup;
			children = (
				AAE9766720B18CC400763D77 /* QCF_BSML.TTF */,
				AAE9766820B18CC400763D77 /* QCF_P001.TTF */,
				0CA42F7F20612E7F00DC1028 /* Diwani Bent.ttf */,
				0CA42F8A2061616100DC1028 /* GE_SS_Two_Bold.otf */,
				0CA42F882061615300DC1028 /* GE_SS_Text_Light.otf */,
				0CEFEDBF206FB66F00F106A0 /* UthmanicHafs1 Ver09 2.otf */,
				0C6FC9AD209F23DF00115916 /* me_quran.ttf */,
				0C60613E2066991100B49227 /* UthmanTN1 Ver10.otf */,
				0C60613D2066991100B49227 /* UthmanTN1B Ver10.otf */,
				0CA42F8120612E8000DC1028 /* Diwani Letter.ttf */,
				0CA42F8020612E7F00DC1028 /* thuluth-decorated.ttf */,
			);
			path = Fonts;
			sourceTree = "<group>";
		};
		0CA42F8520612E9700DC1028 /* Databases */ = {
			isa = PBXGroup;
			children = (
				AAB86FAD20B2EAC700F4F080 /* ayahinfo_1280.db */,
				0C6FC9B1209F5A2500115916 /* quran-simple-clean.xml */,
				0CA42F8C206164F000DC1028 /* Quran.db */,
				0C021B2A20A07388007726D3 /* Quran.sqlite */,
			);
			path = Databases;
			sourceTree = "<group>";
		};
		0CA42F8E206167EA00DC1028 /* SurahCell */ = {
			isa = PBXGroup;
			children = (
				0CA42F8F2061680800DC1028 /* SurahTableViewCell.swift */,
				0CA42F902061680800DC1028 /* SurahTableViewCell.xib */,
			);
			path = SurahCell;
			sourceTree = "<group>";
		};
		0CEFEDC1206FCC6400F106A0 /* AyahOptionsView */ = {
			isa = PBXGroup;
			children = (
				0CEFEDC2206FCC8B00F106A0 /* AyahOptionsView.swift */,
				0CEFEDC4206FCC9700F106A0 /* AyahOptionsView.xib */,
			);
			path = AyahOptionsView;
			sourceTree = "<group>";
		};
		0CFC91BA20825D5000B811FE /* PageOptions */ = {
			isa = PBXGroup;
			children = (
				0CFC91BB20825DBB00B811FE /* PageOptionsView.swift */,
				0CFC91BD20825DDA00B811FE /* PageOptionsView.xib */,
			);
			path = PageOptions;
			sourceTree = "<group>";
		};
		AA0B8CCF20B602A20035DB9F /* HighlightView */ = {
			isa = PBXGroup;
			children = (
				AA0B8CD020B6032B0035DB9F /* HighlightView.swift */,
			);
			path = HighlightView;
			sourceTree = "<group>";
		};
		AACA765F207273DE003AE1B7 /* BookMarkCell */ = {
			isa = PBXGroup;
			children = (
				AACA766020727997003AE1B7 /* BookMarkTableViewCell.swift */,
				AACA766120727997003AE1B7 /* BookMarkTableViewCell.xib */,
			);
			path = BookMarkCell;
			sourceTree = "<group>";
		};
		C31FA6828DC77D1DA13D1D8D /* Frameworks */ = {
			isa = PBXGroup;
			children = (
				5F7C7016F5583E133AD5119F /* Pods_Quran.framework */,
			);
			name = Frameworks;
			sourceTree = "<group>";
		};
		EC245ECFDD4E4495FF6A213B /* Pods */ = {
			isa = PBXGroup;
			children = (
				11FB00225C396FB7B2753D01 /* Pods-Quran.debug.xcconfig */,
				22CFFA700893E26FC303D116 /* Pods-Quran.release.xcconfig */,
			);
			name = Pods;
			sourceTree = "<group>";
		};
/* End PBXGroup section */

/* Begin PBXNativeTarget section */
		0CA42F6320611DB300DC1028 /* Quran */ = {
			isa = PBXNativeTarget;
			buildConfigurationList = 0CA42F7620611DB300DC1028 /* Build configuration list for PBXNativeTarget "Quran" */;
			buildPhases = (
				D9602773C7A72921FA018F05 /* [CP] Check Pods Manifest.lock */,
				0CA42F6020611DB300DC1028 /* Sources */,
				0CA42F6120611DB300DC1028 /* Frameworks */,
				0CA42F6220611DB300DC1028 /* Resources */,
				917A3D6FC1BA80C6BDE31A1C /* [CP] Embed Pods Frameworks */,
				17CAA72D53AC6C8DD458E388 /* [CP] Copy Pods Resources */,
			);
			buildRules = (
			);
			dependencies = (
			);
			name = Quran;
			productName = Quran;
			productReference = 0CA42F6420611DB300DC1028 /* Quran.app */;
			productType = "com.apple.product-type.application";
		};
/* End PBXNativeTarget section */

/* Begin PBXProject section */
		0CA42F5C20611DB200DC1028 /* Project object */ = {
			isa = PBXProject;
			attributes = {
				LastSwiftUpdateCheck = 0920;
				LastUpgradeCheck = 0930;
				ORGANIZATIONNAME = magdsoft;
				TargetAttributes = {
					0CA42F6320611DB300DC1028 = {
						CreatedOnToolsVersion = 9.2;
						ProvisioningStyle = Automatic;
						SystemCapabilities = {
							com.apple.BackgroundModes = {
								enabled = 1;
							};
						};
					};
				};
			};
			buildConfigurationList = 0CA42F5F20611DB200DC1028 /* Build configuration list for PBXProject "Quran" */;
			compatibilityVersion = "Xcode 8.0";
			developmentRegion = en;
			hasScannedForEncodings = 0;
			knownRegions = (
				en,
				Base,
			);
			mainGroup = 0CA42F5B20611DB200DC1028;
			productRefGroup = 0CA42F6520611DB300DC1028 /* Products */;
			projectDirPath = "";
			projectRoot = "";
			targets = (
				0CA42F6320611DB300DC1028 /* Quran */,
			);
		};
/* End PBXProject section */

/* Begin PBXResourcesBuildPhase section */
		0CA42F6220611DB300DC1028 /* Resources */ = {
			isa = PBXResourcesBuildPhase;
			buildActionMask = 2147483647;
			files = (
				AAB86FAE20B2EAC700F4F080 /* ayahinfo_1280.db in Resources */,
				0CEFEDC5206FCC9700F106A0 /* AyahOptionsView.xib in Resources */,
				AACA766320727997003AE1B7 /* BookMarkTableViewCell.xib in Resources */,
				0CA42F8220612E8000DC1028 /* Diwani Bent.ttf in Resources */,
				0C8C1BEB2062CB1E00C05337 /* JuzTableViewCell.xib in Resources */,
				0C8C1BDE206289E300C05337 /* SideMenuTableViewCell.xib in Resources */,
				AAE9766920B18CC400763D77 /* QCF_BSML.TTF in Resources */,
				0C60613F2066991100B49227 /* UthmanTN1B Ver10.otf in Resources */,
				0CFC91BE20825DDA00B811FE /* PageOptionsView.xib in Resources */,
				0CEFEDC0206FB66F00F106A0 /* UthmanicHafs1 Ver09 2.otf in Resources */,
				0C6061402066991100B49227 /* UthmanTN1 Ver10.otf in Resources */,
				0CA42F7220611DB300DC1028 /* LaunchScreen.storyboard in Resources */,
				0CA42F922061680800DC1028 /* SurahTableViewCell.xib in Resources */,
				0CA42F8D206164F000DC1028 /* Quran.db in Resources */,
				0C6FC9B2209F5A2500115916 /* quran-simple-clean.xml in Resources */,
				AAE9766A20B18CC400763D77 /* QCF_P001.TTF in Resources */,
				0C6FC9AE209F23DF00115916 /* me_quran.ttf in Resources */,
				0CA42F6F20611DB300DC1028 /* Assets.xcassets in Resources */,
				0C60613C2066926F00B49227 /* QuranPageCollectionViewCell.xib in Resources */,
				0CA42F8320612E8000DC1028 /* thuluth-decorated.ttf in Resources */,
				0CA42F6D20611DB300DC1028 /* Main.storyboard in Resources */,
				0CA42F8B2061616100DC1028 /* GE_SS_Two_Bold.otf in Resources */,
				0C021B2B20A07389007726D3 /* Quran.sqlite in Resources */,
				0CA42F8420612E8000DC1028 /* Diwani Letter.ttf in Resources */,
				0CA42F892061615300DC1028 /* GE_SS_Text_Light.otf in Resources */,
				0C113F61207A2C4F00ADD61D /* DownloadView.xib in Resources */,
				0C248F45207E5EF500A52C2E /* QuranHeaderView.xib in Resources */,
				0C021B3220A08471007726D3 /* AyahTableViewCell.xib in Resources */,
			);
			runOnlyForDeploymentPostprocessing = 0;
		};
/* End PBXResourcesBuildPhase section */

/* Begin PBXShellScriptBuildPhase section */
		17CAA72D53AC6C8DD458E388 /* [CP] Copy Pods Resources */ = {
			isa = PBXShellScriptBuildPhase;
			buildActionMask = 2147483647;
			files = (
			);
			inputPaths = (
			);
			name = "[CP] Copy Pods Resources";
			outputPaths = (
			);
			runOnlyForDeploymentPostprocessing = 0;
			shellPath = /bin/sh;
			shellScript = "\"${SRCROOT}/Pods/Target Support Files/Pods-Quran/Pods-Quran-resources.sh\"\n";
			showEnvVarsInLog = 0;
		};
		917A3D6FC1BA80C6BDE31A1C /* [CP] Embed Pods Frameworks */ = {
			isa = PBXShellScriptBuildPhase;
			buildActionMask = 2147483647;
			files = (
			);
			inputPaths = (
				"${SRCROOT}/Pods/Target Support Files/Pods-Quran/Pods-Quran-frameworks.sh",
				"${BUILT_PRODUCTS_DIR}/FontBlaster/FontBlaster.framework",
				"${BUILT_PRODUCTS_DIR}/IQKeyboardManagerSwift/IQKeyboardManagerSwift.framework",
				"${BUILT_PRODUCTS_DIR}/NVActivityIndicatorView/NVActivityIndicatorView.framework",
				"${BUILT_PRODUCTS_DIR}/SQLite.swift/SQLite.framework",
				"${BUILT_PRODUCTS_DIR}/SlideMenuControllerSwift/SlideMenuControllerSwift.framework",
				"${BUILT_PRODUCTS_DIR}/Toast-Swift/Toast_Swift.framework",
			);
			name = "[CP] Embed Pods Frameworks";
			outputPaths = (
				"${TARGET_BUILD_DIR}/${FRAMEWORKS_FOLDER_PATH}/FontBlaster.framework",
				"${TARGET_BUILD_DIR}/${FRAMEWORKS_FOLDER_PATH}/IQKeyboardManagerSwift.framework",
				"${TARGET_BUILD_DIR}/${FRAMEWORKS_FOLDER_PATH}/NVActivityIndicatorView.framework",
				"${TARGET_BUILD_DIR}/${FRAMEWORKS_FOLDER_PATH}/SQLite.framework",
				"${TARGET_BUILD_DIR}/${FRAMEWORKS_FOLDER_PATH}/SlideMenuControllerSwift.framework",
				"${TARGET_BUILD_DIR}/${FRAMEWORKS_FOLDER_PATH}/Toast_Swift.framework",
			);
			runOnlyForDeploymentPostprocessing = 0;
			shellPath = /bin/sh;
			shellScript = "\"${SRCROOT}/Pods/Target Support Files/Pods-Quran/Pods-Quran-frameworks.sh\"\n";
			showEnvVarsInLog = 0;
		};
		D9602773C7A72921FA018F05 /* [CP] Check Pods Manifest.lock */ = {
			isa = PBXShellScriptBuildPhase;
			buildActionMask = 2147483647;
			files = (
			);
			inputPaths = (
				"${PODS_PODFILE_DIR_PATH}/Podfile.lock",
				"${PODS_ROOT}/Manifest.lock",
			);
			name = "[CP] Check Pods Manifest.lock";
			outputPaths = (
				"$(DERIVED_FILE_DIR)/Pods-Quran-checkManifestLockResult.txt",
			);
			runOnlyForDeploymentPostprocessing = 0;
			shellPath = /bin/sh;
			shellScript = "diff \"${PODS_PODFILE_DIR_PATH}/Podfile.lock\" \"${PODS_ROOT}/Manifest.lock\" > /dev/null\nif [ $? != 0 ] ; then\n    # print error to STDERR\n    echo \"error: The sandbox is not in sync with the Podfile.lock. Run 'pod install' or update your CocoaPods installation.\" >&2\n    exit 1\nfi\n# This output is used by Xcode 'outputs' to avoid re-running this script phase.\necho \"SUCCESS\" > \"${SCRIPT_OUTPUT_FILE_0}\"\n";
			showEnvVarsInLog = 0;
		};
/* End PBXShellScriptBuildPhase section */

/* Begin PBXSourcesBuildPhase section */
		0CA42F6020611DB300DC1028 /* Sources */ = {
			isa = PBXSourcesBuildPhase;
			buildActionMask = 2147483647;
			files = (
				0C113F5F207A2C4600ADD61D /* DownloadView.swift in Sources */,
				AA0B8CCC20B5FA8C0035DB9F /* AyahInfo.swift in Sources */,
				0C113F65207A32B600ADD61D /* DownloadManager.swift in Sources */,
				AACA766520728065003AE1B7 /* Bookmark.swift in Sources */,
				0C113F75207A48D900ADD61D /* MZUtility.swift in Sources */,
				AACA765E2072731C003AE1B7 /* BookmarksViewController.swift in Sources */,
				0C113F73207A48D900ADD61D /* MZDownloadModel.swift in Sources */,
				AA0B8CD120B6032B0035DB9F /* HighlightView.swift in Sources */,
				0CA42F9420616AC000DC1028 /* Sura.swift in Sources */,
				0C021B3120A08471007726D3 /* AyahTableViewCell.swift in Sources */,
				AA21D4562064559B00507932 /* Backups.swift in Sources */,
				AACA766220727997003AE1B7 /* BookMarkTableViewCell.swift in Sources */,
				0C60613B2066926F00B49227 /* QuranPageCollectionViewCell.swift in Sources */,
				0C8C1BE42062B95600C05337 /* Juz.swift in Sources */,
				AAB86FB220B3703900F4F080 /* NewQuranViewController.swift in Sources */,
				AAB86FB020B35FB800F4F080 /* Glyph.swift in Sources */,
				AAC2C59B207D539600D0121A /* QuranManager+AVAudioPlayer.swift in Sources */,
				0CA42F912061680800DC1028 /* SurahTableViewCell.swift in Sources */,
				0C113F74207A48D900ADD61D /* MZDownloadManager.swift in Sources */,
				0C021B2D20A07CBC007726D3 /* SearchViewController.swift in Sources */,
				0C8C1BD72062884D00C05337 /* HomeContainerViewController.swift in Sources */,
				0C240087208383A500B4D891 /* AboutUsViewController.swift in Sources */,
				0CEFEDC3206FCC8B00F106A0 /* AyahOptionsView.swift in Sources */,
				0CA42F98206174FD00DC1028 /* AllSurahViewController.swift in Sources */,
				0CA42F6820611DB300DC1028 /* AppDelegate.swift in Sources */,
				0C248F47207E609100A52C2E /* QuranHeaderView.swift in Sources */,
				0CFC91BC20825DBB00B811FE /* PageOptionsView.swift in Sources */,
				0C6FC9B0209F47D000115916 /* SearchResult.swift in Sources */,
				0C8C1BD92062896400C05337 /* MenuItem.swift in Sources */,
				0C8C1BEA2062CB1E00C05337 /* JuzTableViewCell.swift in Sources */,
				0C8C1BDD206289E300C05337 /* SideMenuTableViewCell.swift in Sources */,
				AA10E71A2079674000702EF1 /* AyahAudios.swift in Sources */,
				AA10E7182079665C00702EF1 /* AudioMode.swift in Sources */,
				0C113F67207A35D800ADD61D /* Config.swift in Sources */,
				0C8C1BD52062875200C05337 /* SideMenuViewController.swift in Sources */,
				AA0B8CCE20B5FF810035DB9F /* QuranManager+UIImageView.swift in Sources */,
				AA3FE284206403C700D69740 /* QuranViewController.swift in Sources */,
				0CA42F9620616B5700DC1028 /* DBHelper.swift in Sources */,
				0C60614220669B2C00B49227 /* Page.swift in Sources */,
				0C8C1BE22062B72D00C05337 /* JuzViewController.swift in Sources */,
				0C8C1BE62062B9B800C05337 /* Ayah.swift in Sources */,
				0C8C1BE02062999100C05337 /* CommonMethods.swift in Sources */,
				0C81BB2E20738C96007C270D /* QuranManager.swift in Sources */,
			);
			runOnlyForDeploymentPostprocessing = 0;
		};
/* End PBXSourcesBuildPhase section */

/* Begin PBXVariantGroup section */
		0CA42F6B20611DB300DC1028 /* Main.storyboard */ = {
			isa = PBXVariantGroup;
			children = (
				0CA42F6C20611DB300DC1028 /* Base */,
			);
			name = Main.storyboard;
			sourceTree = "<group>";
		};
		0CA42F7020611DB300DC1028 /* LaunchScreen.storyboard */ = {
			isa = PBXVariantGroup;
			children = (
				0CA42F7120611DB300DC1028 /* Base */,
			);
			name = LaunchScreen.storyboard;
			sourceTree = "<group>";
		};
/* End PBXVariantGroup section */

/* Begin XCBuildConfiguration section */
		0CA42F7420611DB300DC1028 /* Debug */ = {
			isa = XCBuildConfiguration;
			buildSettings = {
				ALWAYS_SEARCH_USER_PATHS = NO;
				CLANG_ANALYZER_NONNULL = YES;
				CLANG_ANALYZER_NUMBER_OBJECT_CONVERSION = YES_AGGRESSIVE;
				CLANG_CXX_LANGUAGE_STANDARD = "gnu++14";
				CLANG_CXX_LIBRARY = "libc++";
				CLANG_ENABLE_MODULES = YES;
				CLANG_ENABLE_OBJC_ARC = YES;
				CLANG_WARN_BLOCK_CAPTURE_AUTORELEASING = YES;
				CLANG_WARN_BOOL_CONVERSION = YES;
				CLANG_WARN_COMMA = YES;
				CLANG_WARN_CONSTANT_CONVERSION = YES;
				CLANG_WARN_DEPRECATED_OBJC_IMPLEMENTATIONS = YES;
				CLANG_WARN_DIRECT_OBJC_ISA_USAGE = YES_ERROR;
				CLANG_WARN_DOCUMENTATION_COMMENTS = YES;
				CLANG_WARN_EMPTY_BODY = YES;
				CLANG_WARN_ENUM_CONVERSION = YES;
				CLANG_WARN_INFINITE_RECURSION = YES;
				CLANG_WARN_INT_CONVERSION = YES;
				CLANG_WARN_NON_LITERAL_NULL_CONVERSION = YES;
				CLANG_WARN_OBJC_IMPLICIT_RETAIN_SELF = YES;
				CLANG_WARN_OBJC_LITERAL_CONVERSION = YES;
				CLANG_WARN_OBJC_ROOT_CLASS = YES_ERROR;
				CLANG_WARN_RANGE_LOOP_ANALYSIS = YES;
				CLANG_WARN_STRICT_PROTOTYPES = YES;
				CLANG_WARN_SUSPICIOUS_MOVE = YES;
				CLANG_WARN_UNGUARDED_AVAILABILITY = YES_AGGRESSIVE;
				CLANG_WARN_UNREACHABLE_CODE = YES;
				CLANG_WARN__DUPLICATE_METHOD_MATCH = YES;
				CODE_SIGN_IDENTITY = "iPhone Developer";
				COPY_PHASE_STRIP = NO;
				DEBUG_INFORMATION_FORMAT = dwarf;
				ENABLE_STRICT_OBJC_MSGSEND = YES;
				ENABLE_TESTABILITY = YES;
				GCC_C_LANGUAGE_STANDARD = gnu11;
				GCC_DYNAMIC_NO_PIC = NO;
				GCC_NO_COMMON_BLOCKS = YES;
				GCC_OPTIMIZATION_LEVEL = 0;
				GCC_PREPROCESSOR_DEFINITIONS = (
					"DEBUG=1",
					"$(inherited)",
				);
				GCC_WARN_64_TO_32_BIT_CONVERSION = YES;
				GCC_WARN_ABOUT_RETURN_TYPE = YES_ERROR;
				GCC_WARN_UNDECLARED_SELECTOR = YES;
				GCC_WARN_UNINITIALIZED_AUTOS = YES_AGGRESSIVE;
				GCC_WARN_UNUSED_FUNCTION = YES;
				GCC_WARN_UNUSED_VARIABLE = YES;
				IPHONEOS_DEPLOYMENT_TARGET = 11.2;
				MTL_ENABLE_DEBUG_INFO = YES;
				ONLY_ACTIVE_ARCH = YES;
				SDKROOT = iphoneos;
				SWIFT_ACTIVE_COMPILATION_CONDITIONS = DEBUG;
				SWIFT_OPTIMIZATION_LEVEL = "-Onone";
			};
			name = Debug;
		};
		0CA42F7520611DB300DC1028 /* Release */ = {
			isa = XCBuildConfiguration;
			buildSettings = {
				ALWAYS_SEARCH_USER_PATHS = NO;
				CLANG_ANALYZER_NONNULL = YES;
				CLANG_ANALYZER_NUMBER_OBJECT_CONVERSION = YES_AGGRESSIVE;
				CLANG_CXX_LANGUAGE_STANDARD = "gnu++14";
				CLANG_CXX_LIBRARY = "libc++";
				CLANG_ENABLE_MODULES = YES;
				CLANG_ENABLE_OBJC_ARC = YES;
				CLANG_WARN_BLOCK_CAPTURE_AUTORELEASING = YES;
				CLANG_WARN_BOOL_CONVERSION = YES;
				CLANG_WARN_COMMA = YES;
				CLANG_WARN_CONSTANT_CONVERSION = YES;
				CLANG_WARN_DEPRECATED_OBJC_IMPLEMENTATIONS = YES;
				CLANG_WARN_DIRECT_OBJC_ISA_USAGE = YES_ERROR;
				CLANG_WARN_DOCUMENTATION_COMMENTS = YES;
				CLANG_WARN_EMPTY_BODY = YES;
				CLANG_WARN_ENUM_CONVERSION = YES;
				CLANG_WARN_INFINITE_RECURSION = YES;
				CLANG_WARN_INT_CONVERSION = YES;
				CLANG_WARN_NON_LITERAL_NULL_CONVERSION = YES;
				CLANG_WARN_OBJC_IMPLICIT_RETAIN_SELF = YES;
				CLANG_WARN_OBJC_LITERAL_CONVERSION = YES;
				CLANG_WARN_OBJC_ROOT_CLASS = YES_ERROR;
				CLANG_WARN_RANGE_LOOP_ANALYSIS = YES;
				CLANG_WARN_STRICT_PROTOTYPES = YES;
				CLANG_WARN_SUSPICIOUS_MOVE = YES;
				CLANG_WARN_UNGUARDED_AVAILABILITY = YES_AGGRESSIVE;
				CLANG_WARN_UNREACHABLE_CODE = YES;
				CLANG_WARN__DUPLICATE_METHOD_MATCH = YES;
				CODE_SIGN_IDENTITY = "iPhone Developer";
				COPY_PHASE_STRIP = NO;
				DEBUG_INFORMATION_FORMAT = "dwarf-with-dsym";
				ENABLE_NS_ASSERTIONS = NO;
				ENABLE_STRICT_OBJC_MSGSEND = YES;
				GCC_C_LANGUAGE_STANDARD = gnu11;
				GCC_NO_COMMON_BLOCKS = YES;
				GCC_WARN_64_TO_32_BIT_CONVERSION = YES;
				GCC_WARN_ABOUT_RETURN_TYPE = YES_ERROR;
				GCC_WARN_UNDECLARED_SELECTOR = YES;
				GCC_WARN_UNINITIALIZED_AUTOS = YES_AGGRESSIVE;
				GCC_WARN_UNUSED_FUNCTION = YES;
				GCC_WARN_UNUSED_VARIABLE = YES;
				IPHONEOS_DEPLOYMENT_TARGET = 11.2;
				MTL_ENABLE_DEBUG_INFO = NO;
				SDKROOT = iphoneos;
				SWIFT_OPTIMIZATION_LEVEL = "-Owholemodule";
				VALIDATE_PRODUCT = YES;
			};
			name = Release;
		};
		0CA42F7720611DB300DC1028 /* Debug */ = {
			isa = XCBuildConfiguration;
			baseConfigurationReference = 11FB00225C396FB7B2753D01 /* Pods-Quran.debug.xcconfig */;
			buildSettings = {
				ASSETCATALOG_COMPILER_APPICON_NAME = AppIcon;
				CODE_SIGN_STYLE = Automatic;
				DEVELOPMENT_TEAM = ZR8H2P23ER;
				INFOPLIST_FILE = "$(SRCROOT)/Quran/Resources/Info.plist";
				IPHONEOS_DEPLOYMENT_TARGET = 9.0;
				LD_RUNPATH_SEARCH_PATHS = "$(inherited) @executable_path/Frameworks";
				PRODUCT_BUNDLE_IDENTIFIER = com.magdsoft.NewQuran;
				PRODUCT_NAME = "$(TARGET_NAME)";
				SWIFT_VERSION = 4.0;
				TARGETED_DEVICE_FAMILY = "1,2";
			};
			name = Debug;
		};
		0CA42F7820611DB300DC1028 /* Release */ = {
			isa = XCBuildConfiguration;
			baseConfigurationReference = 22CFFA700893E26FC303D116 /* Pods-Quran.release.xcconfig */;
			buildSettings = {
				ASSETCATALOG_COMPILER_APPICON_NAME = AppIcon;
				CODE_SIGN_STYLE = Automatic;
				DEVELOPMENT_TEAM = ZR8H2P23ER;
				INFOPLIST_FILE = "$(SRCROOT)/Quran/Resources/Info.plist";
				IPHONEOS_DEPLOYMENT_TARGET = 9.0;
				LD_RUNPATH_SEARCH_PATHS = "$(inherited) @executable_path/Frameworks";
				PRODUCT_BUNDLE_IDENTIFIER = com.magdsoft.NewQuran;
				PRODUCT_NAME = "$(TARGET_NAME)";
				SWIFT_VERSION = 4.0;
				TARGETED_DEVICE_FAMILY = "1,2";
			};
			name = Release;
		};
/* End XCBuildConfiguration section */

/* Begin XCConfigurationList section */
		0CA42F5F20611DB200DC1028 /* Build configuration list for PBXProject "Quran" */ = {
			isa = XCConfigurationList;
			buildConfigurations = (
				0CA42F7420611DB300DC1028 /* Debug */,
				0CA42F7520611DB300DC1028 /* Release */,
			);
			defaultConfigurationIsVisible = 0;
			defaultConfigurationName = Release;
		};
		0CA42F7620611DB300DC1028 /* Build configuration list for PBXNativeTarget "Quran" */ = {
			isa = XCConfigurationList;
			buildConfigurations = (
				0CA42F7720611DB300DC1028 /* Debug */,
				0CA42F7820611DB300DC1028 /* Release */,
			);
			defaultConfigurationIsVisible = 0;
			defaultConfigurationName = Release;
		};
/* End XCConfigurationList section */
	};
	rootObject = 0CA42F5C20611DB200DC1028 /* Project object */;
}
